
Microsoft Visual Studio Solution File, Format Version 12.00
# Visual Studio Version 17
VisualStudioVersion = 17.12.35527.113
MinimumVisualStudioVersion = 10.0.40219.1
Project("{FAE04EC0-301F-11D3-BF4B-00C04F79EFBC}") = "kalkulator", "kalkulator\kalkulator.csproj", "{27C2CC38-C351-483B-A17B-230CA20C0C1D}"
EndProject
Project("{FAE04EC0-301F-11D3-BF4B-00C04F79EFBC}") = "kalkulator.test", "kalkulator.test\kalkulator.test.csproj", "{FA3B0999-3D22-4C57-8D63-633B42EA12C5}"
EndProject
Project("{2150E333-8FDC-42A3-9474-1A3956D46DE8}") = "Elementy rozwiązania", "Elementy rozwiązania", "{63266800-AD8E-4CAE-83EB-CC09BD54883C}"
	ProjectSection(SolutionItems) = preProject
		Directory.Build.props = Directory.Build.props
	EndProjectSection
EndProject
Global
	GlobalSection(SolutionConfigurationPlatforms) = preSolution
		Debug|Any CPU = Debug|Any CPU
		Release|Any CPU = Release|Any CPU
	EndGlobalSection
	GlobalSection(ProjectConfigurationPlatforms) = postSolution
		{27C2CC38-C351-483B-A17B-230CA20C0C1D}.Debug|Any CPU.ActiveCfg = Debug|Any CPU
		{27C2CC38-C351-483B-A17B-230CA20C0C1D}.Debug|Any CPU.Build.0 = Debug|Any CPU
		{27C2CC38-C351-483B-A17B-230CA20C0C1D}.Release|Any CPU.ActiveCfg = Release|Any CPU
		{27C2CC38-C351-483B-A17B-230CA20C0C1D}.Release|Any CPU.Build.0 = Release|Any CPU
		{FA3B0999-3D22-4C57-8D63-633B42EA12C5}.Debug|Any CPU.ActiveCfg = Debug|Any CPU
		{FA3B0999-3D22-4C57-8D63-633B42EA12C5}.Debug|Any CPU.Build.0 = Debug|Any CPU
		{FA3B0999-3D22-4C57-8D63-633B42EA12C5}.Release|Any CPU.ActiveCfg = Release|Any CPU
		{FA3B0999-3D22-4C57-8D63-633B42EA12C5}.Release|Any CPU.Build.0 = Release|Any CPU
	EndGlobalSection
	GlobalSection(SolutionProperties) = preSolution
		HideSolutionNode = FALSE
	EndGlobalSection
EndGlobal
